
Microsoft Visual Studio Solution File, Format Version 12.00
# Visual Studio Version 17
VisualStudioVersion = 17.2.32630.192
MinimumVisualStudioVersion = 10.0.40219.1
Project("{FAE04EC0-301F-11D3-BF4B-00C04F79EFBC}") = "ConsoleApp1", "ConsoleApp1\ConsoleApp1.csproj", "{59C054E8-E65C-4088-83FC-81745D2C5C2D}"
EndProject
Global
	GlobalSection(SolutionConfigurationPlatforms) = preSolution
		Debug|Any CPU = Debug|Any CPU
		Release|Any CPU = Release|Any CPU
	EndGlobalSection
	GlobalSection(ProjectConfigurationPlatforms) = postSolution
		{59C054E8-E65C-4088-83FC-81745D2C5C2D}.Debug|Any CPU.ActiveCfg = Debug|Any CPU
		{59C054E8-E65C-4088-83FC-81745D2C5C2D}.Debug|Any CPU.Build.0 = Debug|Any CPU
		{59C054E8-E65C-4088-83FC-81745D2C5C2D}.Release|Any CPU.ActiveCfg = Release|Any CPU
		{59C054E8-E65C-4088-83FC-81745D2C5C2D}.Release|Any CPU.Build.0 = Release|Any CPU
	EndGlobalSection
	GlobalSection(SolutionProperties) = preSolution
		HideSolutionNode = FALSE
	EndGlobalSection
	GlobalSection(ExtensibilityGlobals) = postSolution
		SolutionGuid = {B48854AA-3D94-4A9B-B632-B2567B7712B0}
	EndGlobalSection
EndGlobal
